{
  "name": "LSReactNativeApp",
  "version": "0.0.1",
  "lockfileVersion": 1,
  "requires": true,
  "dependencies": {
    "hoist-non-react-statics": {
      "version": "3.2.1",
      "resolved": "https://registry.npmjs.org/hoist-non-react-statics/-/hoist-non-react-statics-3.2.1.tgz",
      "integrity": "sha512-TFsu3TV3YLY+zFTZDrN8L2DTFanObwmBLpWvJs1qfUuEQ5bTAdFcwfx2T/bsCXfM9QHSLvjfP+nihEl0yvozxw==",
      "requires": {
        "react-is": "16.6.3"
      }
    },
    "js-tokens": {
      "version": "4.0.0",
      "resolved": "https://registry.npmjs.org/js-tokens/-/js-tokens-4.0.0.tgz",
      "integrity": "sha512-RdJUflcE3cUzKiMqQgsCu06FPu9UdIJO0beYbPhHN4k6apgJtifcoCtT9bcxOpYBtpD2kCM6Sbzg4CausW/PKQ=="
    },
    "lodash": {
      "version": "4.17.11",
      "resolved": "https://registry.npmjs.org/lodash/-/lodash-4.17.11.tgz",
      "integrity": "sha512-cQKh8igo5QUhZ7lg38DYWAxMvjSAKG0A8wGSVimP07SIUEK2UO+arSRKbRZWtelMtN5V0Hkwh5ryOto/SshYIg=="
    },
    "loose-envify": {
      "version": "1.4.0",
      "resolved": "https://registry.npmjs.org/loose-envify/-/loose-envify-1.4.0.tgz",
      "integrity": "sha512-lyuxPGr/Wfhrlem2CL/UcnUc1zcqKAImBDzukY7Y5F/yQiNdko6+fRLevlw1HgMySw7f611UIY408EtxRSoK3Q==",
      "requires": {
        "js-tokens": "4.0.0"
      }
    },
    "object-assign": {
      "version": "4.1.1",
      "resolved": "https://registry.npmjs.org/object-assign/-/object-assign-4.1.1.tgz",
      "integrity": "sha1-IQmtx5ZYh8/AXLvUQsrIv7s2CGM="
    },
    "prop-types": {
      "version": "15.6.2",
      "resolved": "https://registry.npmjs.org/prop-types/-/prop-types-15.6.2.tgz",
      "integrity": "sha512-3pboPvLiWD7dkI3qf3KbUe6hKFKa52w+AE0VCqECtf+QHAKgOL37tTaNCnuX1nAAQ4ZhyP+kYVKf8rLmJ/feDQ==",
      "requires": {
        "loose-envify": "1.4.0",
        "object-assign": "4.1.1"
      }
    },
    "react-is": {
      "version": "16.6.3",
      "resolved": "https://registry.npmjs.org/react-is/-/react-is-16.6.3.tgz",
      "integrity": "sha512-u7FDWtthB4rWibG/+mFbVd5FvdI20yde86qKGx4lVUTWmPlSWQ4QxbBIrrs+HnXGbxOUlUzTAP/VDmvCwaP2yA=="
    },
    "react-lifecycles-compat": {
      "version": "2.0.0",
      "resolved": "https://registry.npmjs.org/react-lifecycles-compat/-/react-lifecycles-compat-2.0.0.tgz",
      "integrity": "sha512-txfpPCQYiazVdcbMRhatqWKcAxJweUu2wDXvts5/7Wyp6+Y9cHojqXHsLPEckzutfHlxZhG8Oiundbmp8Fd6eQ=="
    },
    "react-native-navigation": {
      "version": "2.1.3",
      "resolved": "https://registry.npmjs.org/react-native-navigation/-/react-native-navigation-2.1.3.tgz",
      "integrity": "sha512-CtjDhw7eaDWCqfhK6Fq6IUDq3agl3oGDd8SNaPF7318tLni1qTmmFdz/3CpoNlegNWhAMAjNu+ONDAbe7ksADw==",
      "requires": {
        "hoist-non-react-statics": "3.2.1",
        "lodash": "4.17.11",
        "prop-types": "15.6.2",
        "react-lifecycles-compat": "2.0.0",
        "tslib": "1.9.3"
      }
    },
    "tslib": {
      "version": "1.9.3",
      "resolved": "https://registry.npmjs.org/tslib/-/tslib-1.9.3.tgz",
      "integrity": "sha512-4krF8scpejhaOgqzBEcGM7yDIEfi0/8+8zDRZhNZZ2kjmHJ4hv3zCbQWxoJGz1iw5U0Jl0nma13xzHXcncMavQ=="
    }
  }
}
